<?xml version="1.0" encoding="utf-8"?>
<Project ToolsVersion="4.0" xmlns="http://schemas.microsoft.com/developer/msbuild/2003">
  <ItemGroup>
    <Filter Include="src">
      <UniqueIdentifier>{6816f2f4-09da-446d-bb03-b3d2a2093e37}</UniqueIdentifier>
    </Filter>
    <Filter Include="shaders">
      <UniqueIdentifier>{5733b9ec-8bbc-47f2-ba7e-82b2f9eb2ce9}</UniqueIdentifier>
    </Filter>
  </ItemGroup>
  <ItemGroup>
    <ClInclude Include="scr\BOX.h">
      <Filter>src</Filter>
    </ClInclude>
    <ClInclude Include="scr\auxiliar.h">
      <Filter>src</Filter>
    </ClInclude>
    <ClInclude Include="scr\PLANE.h">
      <Filter>src</Filter>
    </ClInclude>
    <ClInclude Include="scr\TRIANGLE.h">
      <Filter>src</Filter>
    </ClInclude>
  </ItemGroup>
  <ItemGroup>
    <ClCompile Include="scr\auxiliar.cpp">
      <Filter>src</Filter>
    </ClCompile>
    <ClCompile Include="scr\main.p4_1.cpp">
      <Filter>src</Filter>
    </ClCompile>
  </ItemGroup>
  <ItemGroup>
    <None Include="..\shaders_P4\fwRendering.frag">
      <Filter>shaders</Filter>
    </None>
    <None Include="..\shaders_P4\fwRendering.vert">
      <Filter>shaders</Filter>
    </None>
    <None Include="..\shaders_P4\pp_points.vert">
      <Filter>shaders</Filter>
    </None>
    <None Include="..\shaders_P4\pp_points.frag">
      <Filter>shaders</Filter>
    </None>
    <None Include="..\shaders_P4\pp_points.geom">
      <Filter>shaders</Filter>
    </None>
    <None Include="..\shaders_P4\pp_normals.geom">
      <Filter>shaders</Filter>
    </None>
    <None Include="..\shaders_P4\pp_normals.vert">
      <Filter>shaders</Filter>
    </None>
    <None Include="..\shaders_P4\pp_wired.frag">
      <Filter>shaders</Filter>
    </None>
    <None Include="..\shaders_P4\pp_wired.geom">
      <Filter>shaders</Filter>
    </None>
    <None Include="..\shaders_P4\pp_wired.vert">
      <Filter>shaders</Filter>
    </None>
    <None Include="..\shaders_P4\pp_normals.frag">
      <Filter>shaders</Filter>
    </None>
    <None Include="..\shaders_P4\pp_quad.tcs">
      <Filter>shaders</Filter>
    </None>
    <None Include="..\shaders_P4\pp_quad.tes">
      <Filter>shaders</Filter>
    </None>
    <None Include="..\shaders_P4\pp_triangle.tcs">
      <Filter>shaders</Filter>
    </None>
    <None Include="..\shaders_P4\pp_triangle.tes">
      <Filter>shaders</Filter>
    </None>
    <None Include="..\shaders_P4\pp_map.geom">
      <Filter>shaders</Filter>
    </None>
    <None Include="..\shaders_P4\pp_map.tes">
      <Filter>shaders</Filter>
    </None>
    <None Include="..\shaders_P4\pp_map.vert">
      <Filter>shaders</Filter>
    </None>
    <None Include="..\shaders_P4\pp_map.frag">
      <Filter>shaders</Filter>
    </None>
    <None Include="..\shaders_P4\pp_map.tcs">
      <Filter>shaders</Filter>
    </None>
  </ItemGroup>
</Project>